
Microsoft Visual Studio Solution File, Format Version 12.00
Project("{FAE04EC0-301F-11D3-BF4B-00C04F79EFBC}") = "MetaFormsBuilder.Web", "MetaFormsBuilder.Web\MetaFormsBuilder.Web.csproj", "{CE5581B1-81FD-488A-BA4F-55CC0D47414D}"
EndProject
Project("{FAE04EC0-301F-11D3-BF4B-00C04F79EFBC}") = "MetaFormsBuilder.Domain", "MetaFormsBuilder.Domain\MetaFormsBuilder.Domain.csproj", "{D3EF4DBA-78DA-48C9-8C0A-42E4C31E2B66}"
EndProject
Project("{FAE04EC0-301F-11D3-BF4B-00C04F79EFBC}") = "MetaFormsBuilder.Data", "MetaFormsBuilder.Data\MetaFormsBuilder.Data.csproj", "{161F195B-29A3-4446-80DE-52FB0FD09963}"
EndProject
Project("{2150E333-8FDC-42A3-9474-1A3956D46DE8}") = "Solution Items", "Solution Items", "{1A9E0CB6-A6A0-4A65-B781-56D4C9FA7143}"
	ProjectSection(SolutionItems) = preProject
		docker-compose.yml = docker-compose.yml
	EndProjectSection
EndProject
Global
	GlobalSection(SolutionConfigurationPlatforms) = preSolution
		Debug|Any CPU = Debug|Any CPU
		Release|Any CPU = Release|Any CPU
	EndGlobalSection
	GlobalSection(ProjectConfigurationPlatforms) = postSolution
		{CE5581B1-81FD-488A-BA4F-55CC0D47414D}.Debug|Any CPU.ActiveCfg = Debug|Any CPU
		{CE5581B1-81FD-488A-BA4F-55CC0D47414D}.Debug|Any CPU.Build.0 = Debug|Any CPU
		{CE5581B1-81FD-488A-BA4F-55CC0D47414D}.Release|Any CPU.ActiveCfg = Release|Any CPU
		{CE5581B1-81FD-488A-BA4F-55CC0D47414D}.Release|Any CPU.Build.0 = Release|Any CPU
		{D3EF4DBA-78DA-48C9-8C0A-42E4C31E2B66}.Debug|Any CPU.ActiveCfg = Debug|Any CPU
		{D3EF4DBA-78DA-48C9-8C0A-42E4C31E2B66}.Debug|Any CPU.Build.0 = Debug|Any CPU
		{D3EF4DBA-78DA-48C9-8C0A-42E4C31E2B66}.Release|Any CPU.ActiveCfg = Release|Any CPU
		{D3EF4DBA-78DA-48C9-8C0A-42E4C31E2B66}.Release|Any CPU.Build.0 = Release|Any CPU
		{161F195B-29A3-4446-80DE-52FB0FD09963}.Debug|Any CPU.ActiveCfg = Debug|Any CPU
		{161F195B-29A3-4446-80DE-52FB0FD09963}.Debug|Any CPU.Build.0 = Debug|Any CPU
		{161F195B-29A3-4446-80DE-52FB0FD09963}.Release|Any CPU.ActiveCfg = Release|Any CPU
		{161F195B-29A3-4446-80DE-52FB0FD09963}.Release|Any CPU.Build.0 = Release|Any CPU
	EndGlobalSection
EndGlobal
